// !$*UTF8*$!
{
	archiveVersion = 1;
	classes = {
	};
	objectVersion = 77;
	objects = {

/* Begin PBXBuildFile section */
		0102AB82AFA71D27B108BE8F /* BasicCamApp.swift in Sources */ = {isa = PBXBuildFile; fileRef = 54246F68DE4CFE444C3DDBBD /* BasicCamApp.swift */; };
		0A6CEC0163A1DE2B37073C3E /* CameraPipeline.swift in Sources */ = {isa = PBXBuildFile; fileRef = 2C2531A02057EA6BFC3A512B /* CameraPipeline.swift */; };
		2893DBD09A1760B9BBCF4970 /* ExtensionInstaller.swift in Sources */ = {isa = PBXBuildFile; fileRef = CD9227AACD46A95571302456 /* ExtensionInstaller.swift */; };
		5EF938DD0DC5EC318B9673B8 /* SourceStream.swift in Sources */ = {isa = PBXBuildFile; fileRef = 12114FC65992C3C44789E9FF /* SourceStream.swift */; };
		60AEF733F5870B65648AB3D1 /* main.swift in Sources */ = {isa = PBXBuildFile; fileRef = C184D8F300F1440BB2E8E168 /* main.swift */; };
		773C1122DD9DDDA9034C70B2 /* SinkStream.swift in Sources */ = {isa = PBXBuildFile; fileRef = 80724F1D75FC742B7A779ABC /* SinkStream.swift */; };
		83B4542B06DAD91B9827F8F7 /* ContentView.swift in Sources */ = {isa = PBXBuildFile; fileRef = D6F4B1C6FC3CA8F7565E4014 /* ContentView.swift */; };
		92E00911C145E935753B1326 /* Constants.swift in Sources */ = {isa = PBXBuildFile; fileRef = D00221A391D57CD645865E79 /* Constants.swift */; };
		943C19987AF7708BDE6370B0 /* DeviceSource.swift in Sources */ = {isa = PBXBuildFile; fileRef = 8484AD9DD2A2E978C18BEE1A /* DeviceSource.swift */; };
		B96846EC541E1F4A3CFD46C9 /* BasicCamExtension.systemextension in Embed System Extensions */ = {isa = PBXBuildFile; fileRef = 784C4D8D3FDA15E5F327D4CD /* BasicCamExtension.systemextension */; settings = {ATTRIBUTES = (CodeSignOnCopy, RemoveHeadersOnCopy, ); }; };
		C4DC2022145C847AEE5A0A65 /* SinkWriter.swift in Sources */ = {isa = PBXBuildFile; fileRef = 85003EBC548BD3DC1E6AA5DF /* SinkWriter.swift */; };
		C8C6FE343586AC101BE88260 /* Constants.swift in Sources */ = {isa = PBXBuildFile; fileRef = D00221A391D57CD645865E79 /* Constants.swift */; };
		C8F2396C0BD94B88823193F1 /* FrameRotator.swift in Sources */ = {isa = PBXBuildFile; fileRef = 3033DC1D506F32FA0B1DF656 /* FrameRotator.swift */; };
		D1063D4A4F89B1E00379A400 /* ProviderSource.swift in Sources */ = {isa = PBXBuildFile; fileRef = 457A4BF1D6898A90287FFE1F /* ProviderSource.swift */; };
		DD3E4EF57F2D5B8B0C61B3CA /* PreviewView.swift in Sources */ = {isa = PBXBuildFile; fileRef = F8B8827BF6DEFFE278AAF825 /* PreviewView.swift */; };
/* End PBXBuildFile section */

/* Begin PBXContainerItemProxy section */
		F9A151F44B5F99F26D1D7EF8 /* PBXContainerItemProxy */ = {
			isa = PBXContainerItemProxy;
			containerPortal = 0891978AD57899254755652C /* Project object */;
			proxyType = 1;
			remoteGlobalIDString = 262304C0895FCA4BD991D4E8;
			remoteInfo = BasicCamExtension;
		};
/* End PBXContainerItemProxy section */

/* Begin PBXCopyFilesBuildPhase section */
		159B7EEE9E1984415C38CFCC /* Embed System Extensions */ = {
			isa = PBXCopyFilesBuildPhase;
			buildActionMask = 2147483647;
			dstPath = "$(SYSTEM_EXTENSIONS_FOLDER_PATH)";
			dstSubfolderSpec = 16;
			files = (
				B96846EC541E1F4A3CFD46C9 /* BasicCamExtension.systemextension in Embed System Extensions */,
			);
			name = "Embed System Extensions";
			runOnlyForDeploymentPostprocessing = 0;
		};
/* End PBXCopyFilesBuildPhase section */

/* Begin PBXFileReference section */
		08C4AE8D1BA6BA3C8DDA8650 /* BasicCamExtension.entitlements */ = {isa = PBXFileReference; lastKnownFileType = text.plist.entitlements; path = BasicCamExtension.entitlements; sourceTree = "<group>"; };
		12114FC65992C3C44789E9FF /* SourceStream.swift */ = {isa = PBXFileReference; lastKnownFileType = sourcecode.swift; path = SourceStream.swift; sourceTree = "<group>"; };
		2C2531A02057EA6BFC3A512B /* CameraPipeline.swift */ = {isa = PBXFileReference; lastKnownFileType = sourcecode.swift; path = CameraPipeline.swift; sourceTree = "<group>"; };
		3033DC1D506F32FA0B1DF656 /* FrameRotator.swift */ = {isa = PBXFileReference; lastKnownFileType = sourcecode.swift; path = FrameRotator.swift; sourceTree = "<group>"; };
		457A4BF1D6898A90287FFE1F /* ProviderSource.swift */ = {isa = PBXFileReference; lastKnownFileType = sourcecode.swift; path = ProviderSource.swift; sourceTree = "<group>"; };
		54246F68DE4CFE444C3DDBBD /* BasicCamApp.swift */ = {isa = PBXFileReference; lastKnownFileType = sourcecode.swift; path = BasicCamApp.swift; sourceTree = "<group>"; };
		6BD6F8C884414C12054869CC /* Info.plist */ = {isa = PBXFileReference; lastKnownFileType = text.plist; path = Info.plist; sourceTree = "<group>"; };
		784C4D8D3FDA15E5F327D4CD /* BasicCamExtension.systemextension */ = {isa = PBXFileReference; explicitFileType = "wrapper.system-extension"; includeInIndex = 0; path = BasicCamExtension.systemextension; sourceTree = BUILT_PRODUCTS_DIR; };
		80724F1D75FC742B7A779ABC /* SinkStream.swift */ = {isa = PBXFileReference; lastKnownFileType = sourcecode.swift; path = SinkStream.swift; sourceTree = "<group>"; };
		83A344B94919773C4F141751 /* BasicCam.entitlements */ = {isa = PBXFileReference; lastKnownFileType = text.plist.entitlements; path = BasicCam.entitlements; sourceTree = "<group>"; };
		8484AD9DD2A2E978C18BEE1A /* DeviceSource.swift */ = {isa = PBXFileReference; lastKnownFileType = sourcecode.swift; path = DeviceSource.swift; sourceTree = "<group>"; };
		85003EBC548BD3DC1E6AA5DF /* SinkWriter.swift */ = {isa = PBXFileReference; lastKnownFileType = sourcecode.swift; path = SinkWriter.swift; sourceTree = "<group>"; };
		97BC5BC1D5CAC99C6C5AADB8 /* BasicCam.app */ = {isa = PBXFileReference; explicitFileType = wrapper.application; includeInIndex = 0; path = BasicCam.app; sourceTree = BUILT_PRODUCTS_DIR; };
		C184D8F300F1440BB2E8E168 /* main.swift */ = {isa = PBXFileReference; lastKnownFileType = sourcecode.swift; path = main.swift; sourceTree = "<group>"; };
		CD9227AACD46A95571302456 /* ExtensionInstaller.swift */ = {isa = PBXFileReference; lastKnownFileType = sourcecode.swift; path = ExtensionInstaller.swift; sourceTree = "<group>"; };
		D00221A391D57CD645865E79 /* Constants.swift */ = {isa = PBXFileReference; lastKnownFileType = sourcecode.swift; path = Constants.swift; sourceTree = "<group>"; };
		D6F4B1C6FC3CA8F7565E4014 /* ContentView.swift */ = {isa = PBXFileReference; lastKnownFileType = sourcecode.swift; path = ContentView.swift; sourceTree = "<group>"; };
		ED13D928B121C8793911980E /* Info.plist */ = {isa = PBXFileReference; lastKnownFileType = text.plist; path = Info.plist; sourceTree = "<group>"; };
		F8B8827BF6DEFFE278AAF825 /* PreviewView.swift */ = {isa = PBXFileReference; lastKnownFileType = sourcecode.swift; path = PreviewView.swift; sourceTree = "<group>"; };
/* End PBXFileReference section */

/* Begin PBXGroup section */
		0C64FD0321D4ED4B36588284 /* BasicCamExtension */ = {
			isa = PBXGroup;
			children = (
				08C4AE8D1BA6BA3C8DDA8650 /* BasicCamExtension.entitlements */,
				8484AD9DD2A2E978C18BEE1A /* DeviceSource.swift */,
				6BD6F8C884414C12054869CC /* Info.plist */,
				C184D8F300F1440BB2E8E168 /* main.swift */,
				457A4BF1D6898A90287FFE1F /* ProviderSource.swift */,
				80724F1D75FC742B7A779ABC /* SinkStream.swift */,
				12114FC65992C3C44789E9FF /* SourceStream.swift */,
			);
			path = BasicCamExtension;
			sourceTree = "<group>";
		};
		58E7744EE21B204A2DC5E271 = {
			isa = PBXGroup;
			children = (
				F122733C3F0E8FB28DFD4185 /* BasicCam */,
				0C64FD0321D4ED4B36588284 /* BasicCamExtension */,
				B97510DFF073BA937A3F6DC0 /* Shared */,
				5C6294A7C069804C57E72A27 /* Products */,
			);
			sourceTree = "<group>";
		};
		5C6294A7C069804C57E72A27 /* Products */ = {
			isa = PBXGroup;
			children = (
				97BC5BC1D5CAC99C6C5AADB8 /* BasicCam.app */,
				784C4D8D3FDA15E5F327D4CD /* BasicCamExtension.systemextension */,
			);
			name = Products;
			sourceTree = "<group>";
		};
		B97510DFF073BA937A3F6DC0 /* Shared */ = {
			isa = PBXGroup;
			children = (
				D00221A391D57CD645865E79 /* Constants.swift */,
			);
			path = Shared;
			sourceTree = "<group>";
		};
		F122733C3F0E8FB28DFD4185 /* BasicCam */ = {
			isa = PBXGroup;
			children = (
				83A344B94919773C4F141751 /* BasicCam.entitlements */,
				54246F68DE4CFE444C3DDBBD /* BasicCamApp.swift */,
				2C2531A02057EA6BFC3A512B /* CameraPipeline.swift */,
				D6F4B1C6FC3CA8F7565E4014 /* ContentView.swift */,
				CD9227AACD46A95571302456 /* ExtensionInstaller.swift */,
				3033DC1D506F32FA0B1DF656 /* FrameRotator.swift */,
				ED13D928B121C8793911980E /* Info.plist */,
				F8B8827BF6DEFFE278AAF825 /* PreviewView.swift */,
				85003EBC548BD3DC1E6AA5DF /* SinkWriter.swift */,
			);
			path = BasicCam;
			sourceTree = "<group>";
		};
/* End PBXGroup section */

/* Begin PBXNativeTarget section */
		262304C0895FCA4BD991D4E8 /* BasicCamExtension */ = {
			isa = PBXNativeTarget;
			buildConfigurationList = A34C16B5C93F2083E3C5D2F1 /* Build configuration list for PBXNativeTarget "BasicCamExtension" */;
			buildPhases = (
				5343F8251C0E34FBE73119DE /* Sources */,
			);
			buildRules = (
			);
			dependencies = (
			);
			name = BasicCamExtension;
			packageProductDependencies = (
			);
			productName = BasicCamExtension;
			productReference = 784C4D8D3FDA15E5F327D4CD /* BasicCamExtension.systemextension */;
			productType = "com.apple.product-type.system-extension";
		};
		E43992397B7CE53F3EFE7499 /* BasicCam */ = {
			isa = PBXNativeTarget;
			buildConfigurationList = 4D7A80A48B743F5736395956 /* Build configuration list for PBXNativeTarget "BasicCam" */;
			buildPhases = (
				B6176FE3497D939598240310 /* Sources */,
				159B7EEE9E1984415C38CFCC /* Embed System Extensions */,
			);
			buildRules = (
			);
			dependencies = (
				E1C70737927FB122AB56F910 /* PBXTargetDependency */,
			);
			name = BasicCam;
			packageProductDependencies = (
			);
			productName = BasicCam;
			productReference = 97BC5BC1D5CAC99C6C5AADB8 /* BasicCam.app */;
			productType = "com.apple.product-type.application";
		};
/* End PBXNativeTarget section */

/* Begin PBXProject section */
		0891978AD57899254755652C /* Project object */ = {
			isa = PBXProject;
			attributes = {
				BuildIndependentTargetsInParallel = YES;
				LastUpgradeCheck = 1430;
				TargetAttributes = {
					262304C0895FCA4BD991D4E8 = {
						DevelopmentTeam = SG2DLSY6DA;
						ProvisioningStyle = Automatic;
					};
					E43992397B7CE53F3EFE7499 = {
						DevelopmentTeam = SG2DLSY6DA;
						ProvisioningStyle = Automatic;
					};
				};
			};
			buildConfigurationList = 40715FC4454B50A8AF990515 /* Build configuration list for PBXProject "BasicCam" */;
			developmentRegion = en;
			hasScannedForEncodings = 0;
			knownRegions = (
				Base,
				en,
			);
			mainGroup = 58E7744EE21B204A2DC5E271;
			minimizedProjectReferenceProxies = 1;
			preferredProjectObjectVersion = 77;
			productRefGroup = 5C6294A7C069804C57E72A27 /* Products */;
			projectDirPath = "";
			projectRoot = "";
			targets = (
				E43992397B7CE53F3EFE7499 /* BasicCam */,
				262304C0895FCA4BD991D4E8 /* BasicCamExtension */,
			);
		};
/* End PBXProject section */

/* Begin PBXSourcesBuildPhase section */
		5343F8251C0E34FBE73119DE /* Sources */ = {
			isa = PBXSourcesBuildPhase;
			buildActionMask = 2147483647;
			files = (
				92E00911C145E935753B1326 /* Constants.swift in Sources */,
				943C19987AF7708BDE6370B0 /* DeviceSource.swift in Sources */,
				D1063D4A4F89B1E00379A400 /* ProviderSource.swift in Sources */,
				773C1122DD9DDDA9034C70B2 /* SinkStream.swift in Sources */,
				5EF938DD0DC5EC318B9673B8 /* SourceStream.swift in Sources */,
				60AEF733F5870B65648AB3D1 /* main.swift in Sources */,
			);
			runOnlyForDeploymentPostprocessing = 0;
		};
		B6176FE3497D939598240310 /* Sources */ = {
			isa = PBXSourcesBuildPhase;
			buildActionMask = 2147483647;
			files = (
				0102AB82AFA71D27B108BE8F /* BasicCamApp.swift in Sources */,
				0A6CEC0163A1DE2B37073C3E /* CameraPipeline.swift in Sources */,
				C8C6FE343586AC101BE88260 /* Constants.swift in Sources */,
				83B4542B06DAD91B9827F8F7 /* ContentView.swift in Sources */,
				2893DBD09A1760B9BBCF4970 /* ExtensionInstaller.swift in Sources */,
				C8F2396C0BD94B88823193F1 /* FrameRotator.swift in Sources */,
				DD3E4EF57F2D5B8B0C61B3CA /* PreviewView.swift in Sources */,
				C4DC2022145C847AEE5A0A65 /* SinkWriter.swift in Sources */,
			);
			runOnlyForDeploymentPostprocessing = 0;
		};
/* End PBXSourcesBuildPhase section */

/* Begin PBXTargetDependency section */
		E1C70737927FB122AB56F910 /* PBXTargetDependency */ = {
			isa = PBXTargetDependency;
			target = 262304C0895FCA4BD991D4E8 /* BasicCamExtension */;
			targetProxy = F9A151F44B5F99F26D1D7EF8 /* PBXContainerItemProxy */;
		};
/* End PBXTargetDependency section */

/* Begin XCBuildConfiguration section */
		15470C9F8E93EA66B04C1BA0 /* Debug */ = {
			isa = XCBuildConfiguration;
			buildSettings = {
				ASSETCATALOG_COMPILER_APPICON_NAME = AppIcon;
				CODE_SIGN_ENTITLEMENTS = BasicCam/BasicCam.entitlements;
				COMBINE_HIDPI_IMAGES = YES;
				INFOPLIST_FILE = BasicCam/Info.plist;
				LD_RUNPATH_SEARCH_PATHS = (
					"$(inherited)",
					"@executable_path/../Frameworks",
				);
				PRODUCT_BUNDLE_IDENTIFIER = com.ddwang.BasicCam;
				PRODUCT_NAME = BasicCam;
				SDKROOT = macosx;
			};
			name = Debug;
		};
		1CA3031A7F8B29B46E2D3ED6 /* Release */ = {
			isa = XCBuildConfiguration;
			buildSettings = {
				ASSETCATALOG_COMPILER_APPICON_NAME = AppIcon;
				CODE_SIGN_ENTITLEMENTS = BasicCam/BasicCam.entitlements;
				COMBINE_HIDPI_IMAGES = YES;
				INFOPLIST_FILE = BasicCam/Info.plist;
				LD_RUNPATH_SEARCH_PATHS = (
					"$(inherited)",
					"@executable_path/../Frameworks",
				);
				PRODUCT_BUNDLE_IDENTIFIER = com.ddwang.BasicCam;
				PRODUCT_NAME = BasicCam;
				SDKROOT = macosx;
			};
			name = Release;
		};
		58DD0AE1CDF6C9E88A0D7978 /* Debug */ = {
			isa = XCBuildConfiguration;
			buildSettings = {
				CODE_SIGN_ENTITLEMENTS = BasicCamExtension/BasicCamExtension.entitlements;
				COMBINE_HIDPI_IMAGES = YES;
				INFOPLIST_FILE = BasicCamExtension/Info.plist;
				LD_RUNPATH_SEARCH_PATHS = (
					"$(inherited)",
					"@executable_path/../Frameworks",
				);
				PRODUCT_BUNDLE_IDENTIFIER = com.ddwang.BasicCam.Extension;
				PRODUCT_NAME = com.ddwang.BasicCam.Extension;
				SDKROOT = macosx;
			};
			name = Debug;
		};
		9FE124879F46594C8EBD3B89 /* Release */ = {
			isa = XCBuildConfiguration;
			buildSettings = {
				ALWAYS_SEARCH_USER_PATHS = NO;
				CLANG_ANALYZER_NONNULL = YES;
				CLANG_ANALYZER_NUMBER_OBJECT_CONVERSION = YES_AGGRESSIVE;
				CLANG_CXX_LANGUAGE_STANDARD = "gnu++14";
				CLANG_CXX_LIBRARY = "libc++";
				CLANG_ENABLE_MODULES = YES;
				CLANG_ENABLE_OBJC_ARC = YES;
				CLANG_ENABLE_OBJC_WEAK = YES;
				CLANG_WARN_BLOCK_CAPTURE_AUTORELEASING = YES;
				CLANG_WARN_BOOL_CONVERSION = YES;
				CLANG_WARN_COMMA = YES;
				CLANG_WARN_CONSTANT_CONVERSION = YES;
				CLANG_WARN_DEPRECATED_OBJC_IMPLEMENTATIONS = YES;
				CLANG_WARN_DIRECT_OBJC_ISA_USAGE = YES_ERROR;
				CLANG_WARN_DOCUMENTATION_COMMENTS = YES;
				CLANG_WARN_EMPTY_BODY = YES;
				CLANG_WARN_ENUM_CONVERSION = YES;
				CLANG_WARN_INFINITE_RECURSION = YES;
				CLANG_WARN_INT_CONVERSION = YES;
				CLANG_WARN_NON_LITERAL_NULL_CONVERSION = YES;
				CLANG_WARN_OBJC_IMPLICIT_RETAIN_SELF = YES;
				CLANG_WARN_OBJC_LITERAL_CONVERSION = YES;
				CLANG_WARN_OBJC_ROOT_CLASS = YES_ERROR;
				CLANG_WARN_QUOTED_INCLUDE_IN_FRAMEWORK_HEADER = YES;
				CLANG_WARN_RANGE_LOOP_ANALYSIS = YES;
				CLANG_WARN_STRICT_PROTOTYPES = YES;
				CLANG_WARN_SUSPICIOUS_MOVE = YES;
				CLANG_WARN_UNGUARDED_AVAILABILITY = YES_AGGRESSIVE;
				CLANG_WARN_UNREACHABLE_CODE = YES;
				CLANG_WARN__DUPLICATE_METHOD_MATCH = YES;
				CODE_SIGN_STYLE = Automatic;
				COPY_PHASE_STRIP = NO;
				CURRENT_PROJECT_VERSION = 1;
				DEBUG_INFORMATION_FORMAT = "dwarf-with-dsym";
				DEVELOPMENT_TEAM = SG2DLSY6DA;
				ENABLE_HARDENED_RUNTIME = YES;
				ENABLE_NS_ASSERTIONS = NO;
				ENABLE_STRICT_OBJC_MSGSEND = YES;
				GCC_C_LANGUAGE_STANDARD = gnu11;
				GCC_NO_COMMON_BLOCKS = YES;
				GCC_WARN_64_TO_32_BIT_CONVERSION = YES;
				GCC_WARN_ABOUT_RETURN_TYPE = YES_ERROR;
				GCC_WARN_UNDECLARED_SELECTOR = YES;
				GCC_WARN_UNINITIALIZED_AUTOS = YES_AGGRESSIVE;
				GCC_WARN_UNUSED_FUNCTION = YES;
				GCC_WARN_UNUSED_VARIABLE = YES;
				MACOSX_DEPLOYMENT_TARGET = 14.0;
				MARKETING_VERSION = 1.0;
				MTL_ENABLE_DEBUG_INFO = NO;
				MTL_FAST_MATH = YES;
				PRODUCT_NAME = "$(TARGET_NAME)";
				SDKROOT = macosx;
				SWIFT_COMPILATION_MODE = wholemodule;
				SWIFT_OPTIMIZATION_LEVEL = "-O";
				SWIFT_STRICT_CONCURRENCY = minimal;
				SWIFT_VERSION = 5.0;
			};
			name = Release;
		};
		DAA2FAEA889D3920C1A28B72 /* Release */ = {
			isa = XCBuildConfiguration;
			buildSettings = {
				CODE_SIGN_ENTITLEMENTS = BasicCamExtension/BasicCamExtension.entitlements;
				COMBINE_HIDPI_IMAGES = YES;
				INFOPLIST_FILE = BasicCamExtension/Info.plist;
				LD_RUNPATH_SEARCH_PATHS = (
					"$(inherited)",
					"@executable_path/../Frameworks",
				);
				PRODUCT_BUNDLE_IDENTIFIER = com.ddwang.BasicCam.Extension;
				PRODUCT_NAME = com.ddwang.BasicCam.Extension;
				SDKROOT = macosx;
			};
			name = Release;
		};
		F3A6D8898354CC741BF7D561 /* Debug */ = {
			isa = XCBuildConfiguration;
			buildSettings = {
				ALWAYS_SEARCH_USER_PATHS = NO;
				CLANG_ANALYZER_NONNULL = YES;
				CLANG_ANALYZER_NUMBER_OBJECT_CONVERSION = YES_AGGRESSIVE;
				CLANG_CXX_LANGUAGE_STANDARD = "gnu++14";
				CLANG_CXX_LIBRARY = "libc++";
				CLANG_ENABLE_MODULES = YES;
				CLANG_ENABLE_OBJC_ARC = YES;
				CLANG_ENABLE_OBJC_WEAK = YES;
				CLANG_WARN_BLOCK_CAPTURE_AUTORELEASING = YES;
				CLANG_WARN_BOOL_CONVERSION = YES;
				CLANG_WARN_COMMA = YES;
				CLANG_WARN_CONSTANT_CONVERSION = YES;
				CLANG_WARN_DEPRECATED_OBJC_IMPLEMENTATIONS = YES;
				CLANG_WARN_DIRECT_OBJC_ISA_USAGE = YES_ERROR;
				CLANG_WARN_DOCUMENTATION_COMMENTS = YES;
				CLANG_WARN_EMPTY_BODY = YES;
				CLANG_WARN_ENUM_CONVERSION = YES;
				CLANG_WARN_INFINITE_RECURSION = YES;
				CLANG_WARN_INT_CONVERSION = YES;
				CLANG_WARN_NON_LITERAL_NULL_CONVERSION = YES;
				CLANG_WARN_OBJC_IMPLICIT_RETAIN_SELF = YES;
				CLANG_WARN_OBJC_LITERAL_CONVERSION = YES;
				CLANG_WARN_OBJC_ROOT_CLASS = YES_ERROR;
				CLANG_WARN_QUOTED_INCLUDE_IN_FRAMEWORK_HEADER = YES;
				CLANG_WARN_RANGE_LOOP_ANALYSIS = YES;
				CLANG_WARN_STRICT_PROTOTYPES = YES;
				CLANG_WARN_SUSPICIOUS_MOVE = YES;
				CLANG_WARN_UNGUARDED_AVAILABILITY = YES_AGGRESSIVE;
				CLANG_WARN_UNREACHABLE_CODE = YES;
				CLANG_WARN__DUPLICATE_METHOD_MATCH = YES;
				CODE_SIGN_STYLE = Automatic;
				COPY_PHASE_STRIP = NO;
				CURRENT_PROJECT_VERSION = 1;
				DEBUG_INFORMATION_FORMAT = dwarf;
				DEVELOPMENT_TEAM = SG2DLSY6DA;
				ENABLE_HARDENED_RUNTIME = YES;
				ENABLE_STRICT_OBJC_MSGSEND = YES;
				ENABLE_TESTABILITY = YES;
				GCC_C_LANGUAGE_STANDARD = gnu11;
				GCC_DYNAMIC_NO_PIC = NO;
				GCC_NO_COMMON_BLOCKS = YES;
				GCC_OPTIMIZATION_LEVEL = 0;
				GCC_PREPROCESSOR_DEFINITIONS = (
					"$(inherited)",
					"DEBUG=1",
				);
				GCC_WARN_64_TO_32_BIT_CONVERSION = YES;
				GCC_WARN_ABOUT_RETURN_TYPE = YES_ERROR;
				GCC_WARN_UNDECLARED_SELECTOR = YES;
				GCC_WARN_UNINITIALIZED_AUTOS = YES_AGGRESSIVE;
				GCC_WARN_UNUSED_FUNCTION = YES;
				GCC_WARN_UNUSED_VARIABLE = YES;
				MACOSX_DEPLOYMENT_TARGET = 14.0;
				MARKETING_VERSION = 1.0;
				MTL_ENABLE_DEBUG_INFO = INCLUDE_SOURCE;
				MTL_FAST_MATH = YES;
				ONLY_ACTIVE_ARCH = YES;
				PRODUCT_NAME = "$(TARGET_NAME)";
				SDKROOT = macosx;
				SWIFT_ACTIVE_COMPILATION_CONDITIONS = DEBUG;
				SWIFT_OPTIMIZATION_LEVEL = "-Onone";
				SWIFT_STRICT_CONCURRENCY = minimal;
				SWIFT_VERSION = 5.0;
			};
			name = Debug;
		};
/* End XCBuildConfiguration section */

/* Begin XCConfigurationList section */
		40715FC4454B50A8AF990515 /* Build configuration list for PBXProject "BasicCam" */ = {
			isa = XCConfigurationList;
			buildConfigurations = (
				F3A6D8898354CC741BF7D561 /* Debug */,
				9FE124879F46594C8EBD3B89 /* Release */,
			);
			defaultConfigurationIsVisible = 0;
			defaultConfigurationName = Debug;
		};
		4D7A80A48B743F5736395956 /* Build configuration list for PBXNativeTarget "BasicCam" */ = {
			isa = XCConfigurationList;
			buildConfigurations = (
				15470C9F8E93EA66B04C1BA0 /* Debug */,
				1CA3031A7F8B29B46E2D3ED6 /* Release */,
			);
			defaultConfigurationIsVisible = 0;
			defaultConfigurationName = Debug;
		};
		A34C16B5C93F2083E3C5D2F1 /* Build configuration list for PBXNativeTarget "BasicCamExtension" */ = {
			isa = XCConfigurationList;
			buildConfigurations = (
				58DD0AE1CDF6C9E88A0D7978 /* Debug */,
				DAA2FAEA889D3920C1A28B72 /* Release */,
			);
			defaultConfigurationIsVisible = 0;
			defaultConfigurationName = Debug;
		};
/* End XCConfigurationList section */
	};
	rootObject = 0891978AD57899254755652C /* Project object */;
}
